
Microsoft Visual Studio Solution File, Format Version 12.00
# Visual Studio Version 17
VisualStudioVersion = 17.4.33122.133
MinimumVisualStudioVersion = 10.0.40219.1
Project("{FAE04EC0-301F-11D3-BF4B-00C04F79EFBC}") = "Hotel_Project", "Hotel_Project\Hotel_Project.csproj", "{A83C9DB3-67E9-425A-B674-F0B641815C05}"
EndProject
Global
	GlobalSection(SolutionConfigurationPlatforms) = preSolution
		Debug|Any CPU = Debug|Any CPU
		Release|Any CPU = Release|Any CPU
	EndGlobalSection
	GlobalSection(ProjectConfigurationPlatforms) = postSolution
		{A83C9DB3-67E9-425A-B674-F0B641815C05}.Debug|Any CPU.ActiveCfg = Debug|Any CPU
		{A83C9DB3-67E9-425A-B674-F0B641815C05}.Debug|Any CPU.Build.0 = Debug|Any CPU
		{A83C9DB3-67E9-425A-B674-F0B641815C05}.Release|Any CPU.ActiveCfg = Release|Any CPU
		{A83C9DB3-67E9-425A-B674-F0B641815C05}.Release|Any CPU.Build.0 = Release|Any CPU
	EndGlobalSection
	GlobalSection(SolutionProperties) = preSolution
		HideSolutionNode = FALSE
	EndGlobalSection
	GlobalSection(ExtensibilityGlobals) = postSolution
		SolutionGuid = {E09A2CED-77A7-4AED-99D4-F1CDEAE66DC1}
	EndGlobalSection
EndGlobal
